Microsoft Visual Studio Solution File, Format Version 12.00
# Visual Studio Version 17
VisualStudioVersion = 17.5.2.0
MinimumVisualStudioVersion = 10.0.40219.1
Project("{FAE04EC0-301F-11D3-BF4B-00C04F79EFBC}") = "Real-Time Statistics", "Real-Time Statistics.csproj", "{FE2EFC5B-BBE1-A3D1-8847-286130368AD8}"
EndProject
Global
	GlobalSection(SolutionConfigurationPlatforms) = preSolution
		Debug|Any CPU = Debug|Any CPU
		Release|Any CPU = Release|Any CPU
	EndGlobalSection
	GlobalSection(ProjectConfigurationPlatforms) = postSolution
		{FE2EFC5B-BBE1-A3D1-8847-286130368AD8}.Debug|Any CPU.ActiveCfg = Debug|Any CPU
		{FE2EFC5B-BBE1-A3D1-8847-286130368AD8}.Debug|Any CPU.Build.0 = Debug|Any CPU
		{FE2EFC5B-BBE1-A3D1-8847-286130368AD8}.Release|Any CPU.ActiveCfg = Release|Any CPU
		{FE2EFC5B-BBE1-A3D1-8847-286130368AD8}.Release|Any CPU.Build.0 = Release|Any CPU
	EndGlobalSection
	GlobalSection(SolutionProperties) = preSolution
		HideSolutionNode = FALSE
	EndGlobalSection
	GlobalSection(ExtensibilityGlobals) = postSolution
		SolutionGuid = {B8FB6F89-DB74-4444-98CB-9324391C526C}
	EndGlobalSection
EndGlobal
